
Microsoft Visual Studio Solution File, Format Version 12.00
Project("{FAE04EC0-301F-11D3-BF4B-00C04F79EFBC}") = "COMP003_Hello_World_1", "COMP003_Hello_World_1.csproj", "{ADFC6BD4-92AC-4256-90E9-E17DF303F196}"
EndProject
Global
	GlobalSection(SolutionConfigurationPlatforms) = preSolution
		Debug|Any CPU = Debug|Any CPU
		Release|Any CPU = Release|Any CPU
	EndGlobalSection
	GlobalSection(ProjectConfigurationPlatforms) = postSolution
		{ADFC6BD4-92AC-4256-90E9-E17DF303F196}.Debug|Any CPU.ActiveCfg = Debug|Any CPU
		{ADFC6BD4-92AC-4256-90E9-E17DF303F196}.Debug|Any CPU.Build.0 = Debug|Any CPU
		{ADFC6BD4-92AC-4256-90E9-E17DF303F196}.Release|Any CPU.ActiveCfg = Release|Any CPU
		{ADFC6BD4-92AC-4256-90E9-E17DF303F196}.Release|Any CPU.Build.0 = Release|Any CPU
	EndGlobalSection
EndGlobal
